<?xml version="1.0" encoding="UTF-8" standalone="yes" ?>
<CodeBlocks_project_file>
	<FileVersion major="1" minor="6" />
	<Project>
		<Option title="Prog3Game" />
		<Option pch_mode="2" />
		<Option compiler="gcc" />
		<Build>
			<Target title="Debug">
				<Option output="bin/Debug/Prog3Game" prefix_auto="1" extension_auto="1" />
				<Option object_output="obj/Debug/" />
				<Option type="1" />
				<Option compiler="gcc" />
				<Compiler>
					<Add option="-g" />
				</Compiler>
			</Target>
			<Target title="Release">
				<Option output="bin/Release/Prog3Game" prefix_auto="1" extension_auto="1" />
				<Option object_output="obj/Release/" />
				<Option type="1" />
				<Option compiler="gcc" />
				<Compiler>
					<Add option="-O2" />
				</Compiler>
				<Linker>
					<Add option="-s" />
				</Linker>
			</Target>
		</Build>
		<Compiler>
			<Add option="-Wall" />
			<Add option="-fexceptions" />
			<Add directory="../Prog3Game" />
		</Compiler>
		<Unit filename="Ammo.h">
			<Option target="&lt;{~None~}&gt;" />
		</Unit>
		<Unit filename="Bazooka.h">
			<Option target="&lt;{~None~}&gt;" />
		</Unit>
		<Unit filename="Character.h">
			<Option target="&lt;{~None~}&gt;" />
		</Unit>
		<Unit filename="DemolitionHero.h">
			<Option target="&lt;{~None~}&gt;" />
		</Unit>
		<Unit filename="Game.h">
			<Option target="&lt;{~None~}&gt;" />
		</Unit>
		<Unit filename="GhostMonster.h">
			<Option target="&lt;{~None~}&gt;" />
		</Unit>
		<Unit filename="Gun.h">
			<Option target="&lt;{~None~}&gt;" />
		</Unit>
		<Unit filename="Hero.h">
			<Option target="&lt;{~None~}&gt;" />
		</Unit>
		<Unit filename="Item.h">
			<Option target="&lt;{~None~}&gt;" />
		</Unit>
		<Unit filename="MedicHero.h">
			<Option target="&lt;{~None~}&gt;" />
		</Unit>
		<Unit filename="Monster.h">
			<Option target="&lt;{~None~}&gt;" />
		</Unit>
		<Unit filename="Object.h" />
		<Unit filename="Pistol.h">
			<Option target="&lt;{~None~}&gt;" />
		</Unit>
		<Unit filename="Potion.h">
			<Option target="&lt;{~None~}&gt;" />
		</Unit>
		<Unit filename="Rifle.h">
			<Option target="&lt;{~None~}&gt;" />
		</Unit>
		<Unit filename="TankMonster.h">
			<Option target="&lt;{~None~}&gt;" />
		</Unit>
		<Unit filename="main.cpp" />
		<Extensions>
			<lib_finder disable_auto="1" />
		</Extensions>
	</Project>
</CodeBlocks_project_file>
